
Microsoft Visual Studio Solution File, Format Version 12.00
# Visual Studio Version 17
VisualStudioVersion = 17.3.32825.248
MinimumVisualStudioVersion = 10.0.40219.1
Project("{FAE04EC0-301F-11D3-BF4B-00C04F79EFBC}") = "Week14OOP", "Week14OOP\Week14OOP.csproj", "{DF897370-454D-4AB5-9399-5B6AF63BBCAE}"
EndProject
Global
	GlobalSection(SolutionConfigurationPlatforms) = preSolution
		Debug|Any CPU = Debug|Any CPU
		Release|Any CPU = Release|Any CPU
	EndGlobalSection
	GlobalSection(ProjectConfigurationPlatforms) = postSolution
		{DF897370-454D-4AB5-9399-5B6AF63BBCAE}.Debug|Any CPU.ActiveCfg = Debug|Any CPU
		{DF897370-454D-4AB5-9399-5B6AF63BBCAE}.Debug|Any CPU.Build.0 = Debug|Any CPU
		{DF897370-454D-4AB5-9399-5B6AF63BBCAE}.Release|Any CPU.ActiveCfg = Release|Any CPU
		{DF897370-454D-4AB5-9399-5B6AF63BBCAE}.Release|Any CPU.Build.0 = Release|Any CPU
	EndGlobalSection
	GlobalSection(SolutionProperties) = preSolution
		HideSolutionNode = FALSE
	EndGlobalSection
	GlobalSection(ExtensibilityGlobals) = postSolution
		SolutionGuid = {2D139B1B-69CC-4960-9D62-62DE41C7CA6B}
	EndGlobalSection
EndGlobal
